
Microsoft Visual Studio Solution File, Format Version 12.00
# Visual Studio Version 16
VisualStudioVersion = 16.0.29519.181
MinimumVisualStudioVersion = 10.0.40219.1
Project("{FAE04EC0-301F-11D3-BF4B-00C04F79EFBC}") = "XamUtilities.Android", "XamUtilities\XamUtilities.Android\XamUtilities.Android.csproj", "{C6FDBA21-B6B4-4AE5-8613-DF78A82D25A4}"
EndProject
Project("{FAE04EC0-301F-11D3-BF4B-00C04F79EFBC}") = "XamUtilities.iOS", "XamUtilities\XamUtilities.iOS\XamUtilities.iOS.csproj", "{A470483B-5428-431F-9A84-E65933C9A2D8}"
EndProject
Project("{FAE04EC0-301F-11D3-BF4B-00C04F79EFBC}") = "XamUtilities", "XamUtilities\XamUtilities\XamUtilities.csproj", "{CFA9E675-2B24-4B6D-8E0C-455056A6B9BB}"
EndProject
Project("{2150E333-8FDC-42A3-9474-1A3956D46DE8}") = "Samples", "Samples", "{7484D2F4-295E-4A05-B4FC-B4BA2501A1BD}"
EndProject
Project("{FAE04EC0-301F-11D3-BF4B-00C04F79EFBC}") = "XamUtilities.Sample.Android", "XamUtilities.Sample\XamUtilities.Sample.Android\XamUtilities.Sample.Android.csproj", "{69ABEEB0-A07E-4A1B-AF66-D56A636E27CF}"
EndProject
Project("{FAE04EC0-301F-11D3-BF4B-00C04F79EFBC}") = "XamUtilities.Sample.iOS", "XamUtilities.Sample\XamUtilities.Sample.iOS\XamUtilities.Sample.iOS.csproj", "{848C75F7-4D00-4331-8563-98BC6EF8BAE6}"
EndProject
Project("{FAE04EC0-301F-11D3-BF4B-00C04F79EFBC}") = "XamUtilities.Sample", "XamUtilities.Sample\XamUtilities.Sample\XamUtilities.Sample.csproj", "{A2175913-76EF-4628-A910-82B7A6266707}"
EndProject
Global
	GlobalSection(SolutionConfigurationPlatforms) = preSolution
		Debug|Any CPU = Debug|Any CPU
		Debug|iPhone = Debug|iPhone
		Debug|iPhoneSimulator = Debug|iPhoneSimulator
		Release|Any CPU = Release|Any CPU
		Release|iPhone = Release|iPhone
		Release|iPhoneSimulator = Release|iPhoneSimulator
	EndGlobalSection
	GlobalSection(ProjectConfigurationPlatforms) = postSolution
		{C6FDBA21-B6B4-4AE5-8613-DF78A82D25A4}.Debug|Any CPU.ActiveCfg = Debug|Any CPU
		{C6FDBA21-B6B4-4AE5-8613-DF78A82D25A4}.Debug|Any CPU.Build.0 = Debug|Any CPU
		{C6FDBA21-B6B4-4AE5-8613-DF78A82D25A4}.Debug|Any CPU.Deploy.0 = Debug|Any CPU
		{C6FDBA21-B6B4-4AE5-8613-DF78A82D25A4}.Debug|iPhone.ActiveCfg = Debug|Any CPU
		{C6FDBA21-B6B4-4AE5-8613-DF78A82D25A4}.Debug|iPhone.Build.0 = Debug|Any CPU
		{C6FDBA21-B6B4-4AE5-8613-DF78A82D25A4}.Debug|iPhone.Deploy.0 = Debug|Any CPU
		{C6FDBA21-B6B4-4AE5-8613-DF78A82D25A4}.Debug|iPhoneSimulator.ActiveCfg = Debug|Any CPU
		{C6FDBA21-B6B4-4AE5-8613-DF78A82D25A4}.Debug|iPhoneSimulator.Build.0 = Debug|Any CPU
		{C6FDBA21-B6B4-4AE5-8613-DF78A82D25A4}.Debug|iPhoneSimulator.Deploy.0 = Debug|Any CPU
		{C6FDBA21-B6B4-4AE5-8613-DF78A82D25A4}.Release|Any CPU.ActiveCfg = Release|Any CPU
		{C6FDBA21-B6B4-4AE5-8613-DF78A82D25A4}.Release|Any CPU.Build.0 = Release|Any CPU
		{C6FDBA21-B6B4-4AE5-8613-DF78A82D25A4}.Release|Any CPU.Deploy.0 = Release|Any CPU
		{C6FDBA21-B6B4-4AE5-8613-DF78A82D25A4}.Release|iPhone.ActiveCfg = Release|Any CPU
		{C6FDBA21-B6B4-4AE5-8613-DF78A82D25A4}.Release|iPhone.Build.0 = Release|Any CPU
		{C6FDBA21-B6B4-4AE5-8613-DF78A82D25A4}.Release|iPhone.Deploy.0 = Release|Any CPU
		{C6FDBA21-B6B4-4AE5-8613-DF78A82D25A4}.Release|iPhoneSimulator.ActiveCfg = Release|Any CPU
		{C6FDBA21-B6B4-4AE5-8613-DF78A82D25A4}.Release|iPhoneSimulator.Build.0 = Release|Any CPU
		{C6FDBA21-B6B4-4AE5-8613-DF78A82D25A4}.Release|iPhoneSimulator.Deploy.0 = Release|Any CPU
		{A470483B-5428-431F-9A84-E65933C9A2D8}.Debug|Any CPU.ActiveCfg = Debug|iPhone
		{A470483B-5428-431F-9A84-E65933C9A2D8}.Debug|iPhone.ActiveCfg = Debug|iPhone
		{A470483B-5428-431F-9A84-E65933C9A2D8}.Debug|iPhone.Build.0 = Debug|iPhone
		{A470483B-5428-431F-9A84-E65933C9A2D8}.Debug|iPhoneSimulator.ActiveCfg = Debug|iPhoneSimulator
		{A470483B-5428-431F-9A84-E65933C9A2D8}.Debug|iPhoneSimulator.Build.0 = Debug|iPhoneSimulator
		{A470483B-5428-431F-9A84-E65933C9A2D8}.Release|Any CPU.ActiveCfg = Release|iPhone
		{A470483B-5428-431F-9A84-E65933C9A2D8}.Release|iPhone.ActiveCfg = Release|iPhone
		{A470483B-5428-431F-9A84-E65933C9A2D8}.Release|iPhone.Build.0 = Release|iPhone
		{A470483B-5428-431F-9A84-E65933C9A2D8}.Release|iPhoneSimulator.ActiveCfg = Release|iPhoneSimulator
		{A470483B-5428-431F-9A84-E65933C9A2D8}.Release|iPhoneSimulator.Build.0 = Release|iPhoneSimulator
		{CFA9E675-2B24-4B6D-8E0C-455056A6B9BB}.Debug|Any CPU.ActiveCfg = Debug|Any CPU
		{CFA9E675-2B24-4B6D-8E0C-455056A6B9BB}.Debug|Any CPU.Build.0 = Debug|Any CPU
		{CFA9E675-2B24-4B6D-8E0C-455056A6B9BB}.Debug|iPhone.ActiveCfg = Debug|Any CPU
		{CFA9E675-2B24-4B6D-8E0C-455056A6B9BB}.Debug|iPhone.Build.0 = Debug|Any CPU
		{CFA9E675-2B24-4B6D-8E0C-455056A6B9BB}.Debug|iPhoneSimulator.ActiveCfg = Debug|Any CPU
		{CFA9E675-2B24-4B6D-8E0C-455056A6B9BB}.Debug|iPhoneSimulator.Build.0 = Debug|Any CPU
		{CFA9E675-2B24-4B6D-8E0C-455056A6B9BB}.Release|Any CPU.ActiveCfg = Release|Any CPU
		{CFA9E675-2B24-4B6D-8E0C-455056A6B9BB}.Release|Any CPU.Build.0 = Release|Any CPU
		{CFA9E675-2B24-4B6D-8E0C-455056A6B9BB}.Release|iPhone.ActiveCfg = Release|Any CPU
		{CFA9E675-2B24-4B6D-8E0C-455056A6B9BB}.Release|iPhone.Build.0 = Release|Any CPU
		{CFA9E675-2B24-4B6D-8E0C-455056A6B9BB}.Release|iPhoneSimulator.ActiveCfg = Release|Any CPU
		{CFA9E675-2B24-4B6D-8E0C-455056A6B9BB}.Release|iPhoneSimulator.Build.0 = Release|Any CPU
		{69ABEEB0-A07E-4A1B-AF66-D56A636E27CF}.Debug|Any CPU.ActiveCfg = Debug|Any CPU
		{69ABEEB0-A07E-4A1B-AF66-D56A636E27CF}.Debug|Any CPU.Build.0 = Debug|Any CPU
		{69ABEEB0-A07E-4A1B-AF66-D56A636E27CF}.Debug|Any CPU.Deploy.0 = Debug|Any CPU
		{69ABEEB0-A07E-4A1B-AF66-D56A636E27CF}.Debug|iPhone.ActiveCfg = Debug|Any CPU
		{69ABEEB0-A07E-4A1B-AF66-D56A636E27CF}.Debug|iPhone.Build.0 = Debug|Any CPU
		{69ABEEB0-A07E-4A1B-AF66-D56A636E27CF}.Debug|iPhone.Deploy.0 = Debug|Any CPU
		{69ABEEB0-A07E-4A1B-AF66-D56A636E27CF}.Debug|iPhoneSimulator.ActiveCfg = Debug|Any CPU
		{69ABEEB0-A07E-4A1B-AF66-D56A636E27CF}.Debug|iPhoneSimulator.Build.0 = Debug|Any CPU
		{69ABEEB0-A07E-4A1B-AF66-D56A636E27CF}.Debug|iPhoneSimulator.Deploy.0 = Debug|Any CPU
		{69ABEEB0-A07E-4A1B-AF66-D56A636E27CF}.Release|Any CPU.ActiveCfg = Release|Any CPU
		{69ABEEB0-A07E-4A1B-AF66-D56A636E27CF}.Release|Any CPU.Build.0 = Release|Any CPU
		{69ABEEB0-A07E-4A1B-AF66-D56A636E27CF}.Release|Any CPU.Deploy.0 = Release|Any CPU
		{69ABEEB0-A07E-4A1B-AF66-D56A636E27CF}.Release|iPhone.ActiveCfg = Release|Any CPU
		{69ABEEB0-A07E-4A1B-AF66-D56A636E27CF}.Release|iPhone.Build.0 = Release|Any CPU
		{69ABEEB0-A07E-4A1B-AF66-D56A636E27CF}.Release|iPhone.Deploy.0 = Release|Any CPU
		{69ABEEB0-A07E-4A1B-AF66-D56A636E27CF}.Release|iPhoneSimulator.ActiveCfg = Release|Any CPU
		{69ABEEB0-A07E-4A1B-AF66-D56A636E27CF}.Release|iPhoneSimulator.Build.0 = Release|Any CPU
		{69ABEEB0-A07E-4A1B-AF66-D56A636E27CF}.Release|iPhoneSimulator.Deploy.0 = Release|Any CPU
		{848C75F7-4D00-4331-8563-98BC6EF8BAE6}.Debug|Any CPU.ActiveCfg = Debug|iPhone
		{848C75F7-4D00-4331-8563-98BC6EF8BAE6}.Debug|iPhone.ActiveCfg = Debug|iPhone
		{848C75F7-4D00-4331-8563-98BC6EF8BAE6}.Debug|iPhone.Build.0 = Debug|iPhone
		{848C75F7-4D00-4331-8563-98BC6EF8BAE6}.Debug|iPhoneSimulator.ActiveCfg = Debug|iPhoneSimulator
		{848C75F7-4D00-4331-8563-98BC6EF8BAE6}.Debug|iPhoneSimulator.Build.0 = Debug|iPhoneSimulator
		{848C75F7-4D00-4331-8563-98BC6EF8BAE6}.Release|Any CPU.ActiveCfg = Release|iPhone
		{848C75F7-4D00-4331-8563-98BC6EF8BAE6}.Release|iPhone.ActiveCfg = Release|iPhone
		{848C75F7-4D00-4331-8563-98BC6EF8BAE6}.Release|iPhone.Build.0 = Release|iPhone
		{848C75F7-4D00-4331-8563-98BC6EF8BAE6}.Release|iPhoneSimulator.ActiveCfg = Release|iPhoneSimulator
		{848C75F7-4D00-4331-8563-98BC6EF8BAE6}.Release|iPhoneSimulator.Build.0 = Release|iPhoneSimulator
		{A2175913-76EF-4628-A910-82B7A6266707}.Debug|Any CPU.ActiveCfg = Debug|Any CPU
		{A2175913-76EF-4628-A910-82B7A6266707}.Debug|Any CPU.Build.0 = Debug|Any CPU
		{A2175913-76EF-4628-A910-82B7A6266707}.Debug|iPhone.ActiveCfg = Debug|Any CPU
		{A2175913-76EF-4628-A910-82B7A6266707}.Debug|iPhone.Build.0 = Debug|Any CPU
		{A2175913-76EF-4628-A910-82B7A6266707}.Debug|iPhoneSimulator.ActiveCfg = Debug|Any CPU
		{A2175913-76EF-4628-A910-82B7A6266707}.Debug|iPhoneSimulator.Build.0 = Debug|Any CPU
		{A2175913-76EF-4628-A910-82B7A6266707}.Release|Any CPU.ActiveCfg = Release|Any CPU
		{A2175913-76EF-4628-A910-82B7A6266707}.Release|Any CPU.Build.0 = Release|Any CPU
		{A2175913-76EF-4628-A910-82B7A6266707}.Release|iPhone.ActiveCfg = Release|Any CPU
		{A2175913-76EF-4628-A910-82B7A6266707}.Release|iPhone.Build.0 = Release|Any CPU
		{A2175913-76EF-4628-A910-82B7A6266707}.Release|iPhoneSimulator.ActiveCfg = Release|Any CPU
		{A2175913-76EF-4628-A910-82B7A6266707}.Release|iPhoneSimulator.Build.0 = Release|Any CPU
	EndGlobalSection
	GlobalSection(SolutionProperties) = preSolution
		HideSolutionNode = FALSE
	EndGlobalSection
	GlobalSection(NestedProjects) = preSolution
		{69ABEEB0-A07E-4A1B-AF66-D56A636E27CF} = {7484D2F4-295E-4A05-B4FC-B4BA2501A1BD}
		{848C75F7-4D00-4331-8563-98BC6EF8BAE6} = {7484D2F4-295E-4A05-B4FC-B4BA2501A1BD}
		{A2175913-76EF-4628-A910-82B7A6266707} = {7484D2F4-295E-4A05-B4FC-B4BA2501A1BD}
	EndGlobalSection
	GlobalSection(ExtensibilityGlobals) = postSolution
		SolutionGuid = {3D513A16-2E93-40F4-BE17-03107C28B304}
	EndGlobalSection
EndGlobal
